{
    "_meta": {
        "hash": {
            "sha256": "47307a4872851b95edc421f68c09e5e19c96111381702714026207bb36b4e8d9"
        },
        "pipfile-spec": 6,
        "requires": {
            "python_version": "3.7"
        },
        "sources": [
            {
                "name": "pypi",
                "url": "https://pypi.org/simple",
                "verify_ssl": true
            }
        ]
    },
    "default": {
        "fire": {
            "hashes": [
                "sha256:c299d16064ff81cbb649b65988300d4a28b71ecfb789d1fb74d99ea98ae4d2eb"
            ],
            "index": "pypi",
            "version": "==0.1.3"
        },
        "minirdapc": {
            "git": "https://github.com/cm2c-internet-measurements/minirdapc.git",
            "ref": "1d3d4336b184f6d6bfe71b6440cc069357a3d8fb"
        },
        "pysnooper": {
            "hashes": [
                "sha256:22a714c063fdc189d2955c8a7246ca568a67bd3334fd7f5e486e78ac6f3ff395",
                "sha256:9008ccb18afd0699a6a70a5f7780ee0ef10de86fffa589c1f1139e9116b1db50"
            ],
            "index": "pypi",
            "version": "==0.2.3"
        },
        "pytricia": {
            "hashes": [
                "sha256:c8730de05a459a25c6c40b654e19e20907fab292845e6d993ba10f2fbaad90da"
            ],
            "index": "pypi",
            "version": "==1.0.0"
        },
        "six": {
            "hashes": [
                "sha256:3350809f0555b11f552448330d0b52d5f24c91a322ea4a15ef22629740f3761c",
                "sha256:d16a0141ec1a18405cd4ce8b4613101da75da0e9a7aec5bdd4fa804d0e0eba73"
            ],
            "version": "==1.12.0"
        }
    },
    "develop": {}
}
